{
  "name": "postgres-composite",
  "version": "0.1.1",
  "lockfileVersion": 2,
  "requires": true,
  "packages": {
    "": {
      "name": "postgres-composite",
      "version": "0.1.1",
      "license": "MIT",
      "devDependencies": {
        "prettier": "^2.6.2",
        "tapzero": "^0.6.1",
        "typescript": "^4.6.3"
      },
      "engines": {
        "node": ">=12"
      }
    },
    "node_modules/prettier": {
      "version": "2.6.2",
      "dev": true,
      "license": "MIT",
      "bin": {
        "prettier": "bin-prettier.js"
      },
      "engines": {
        "node": ">=10.13.0"
      },
      "funding": {
        "url": "https://github.com/prettier/prettier?sponsor=1"
      }
    },
    "node_modules/tapzero": {
      "version": "0.6.1",
      "resolved": "https://registry.npmjs.org/tapzero/-/tapzero-0.6.1.tgz",
      "integrity": "sha512-7AaXewk3TogGyYF0tOqLveHB1wX34LdMBmX+K00D1Aj/xle2YI3zk3lWpyuiVE1/6UkSmEKvRMTw1Fc8bmbOBQ==",
      "dev": true
    },
    "node_modules/typescript": {
      "version": "4.6.3",
      "dev": true,
      "license": "Apache-2.0",
      "bin": {
        "tsc": "bin/tsc",
        "tsserver": "bin/tsserver"
      },
      "engines": {
        "node": ">=4.2.0"
      }
    }
  },
  "dependencies": {
    "prettier": {
      "version": "2.6.2",
      "dev": true
    },
    "tapzero": {
      "version": "0.6.1",
      "resolved": "https://registry.npmjs.org/tapzero/-/tapzero-0.6.1.tgz",
      "integrity": "sha512-7AaXewk3TogGyYF0tOqLveHB1wX34LdMBmX+K00D1Aj/xle2YI3zk3lWpyuiVE1/6UkSmEKvRMTw1Fc8bmbOBQ==",
      "dev": true
    },
    "typescript": {
      "version": "4.6.3",
      "dev": true
    }
  }
}
